
Microsoft Visual Studio Solution File, Format Version 12.00
# Visual Studio 15
VisualStudioVersion = 15.0.28010.2050
MinimumVisualStudioVersion = 10.0.40219.1
Project("{888888A0-9F3D-457C-B088-3A5042F75D52}") = "PortfelElektroniczny", "PortfelElektroniczny\PortfelElektroniczny.pyproj", "{FE3A0532-7A02-4B67-89CD-25AE6F5F66FD}"
EndProject
Global
	GlobalSection(SolutionConfigurationPlatforms) = preSolution
		Debug|Any CPU = Debug|Any CPU
		Release|Any CPU = Release|Any CPU
	EndGlobalSection
	GlobalSection(ProjectConfigurationPlatforms) = postSolution
		{FE3A0532-7A02-4B67-89CD-25AE6F5F66FD}.Debug|Any CPU.ActiveCfg = Debug|Any CPU
		{FE3A0532-7A02-4B67-89CD-25AE6F5F66FD}.Debug|Any CPU.Build.0 = Debug|Any CPU
		{FE3A0532-7A02-4B67-89CD-25AE6F5F66FD}.Release|Any CPU.ActiveCfg = Release|Any CPU
		{FE3A0532-7A02-4B67-89CD-25AE6F5F66FD}.Release|Any CPU.Build.0 = Release|Any CPU
	EndGlobalSection
	GlobalSection(SolutionProperties) = preSolution
		HideSolutionNode = FALSE
	EndGlobalSection
	GlobalSection(ExtensibilityGlobals) = postSolution
		SolutionGuid = {56D7B446-AFC1-45CB-B4F4-35921ECBD368}
	EndGlobalSection
EndGlobal
